// !$*UTF8*$!
{
	archiveVersion = 1;
	classes = {
	};
	objectVersion = 48;
	objects = {

/* Begin PBXBuildFile section */
		B6308FD91FD43A4C00836F1A /* CYMagicMoveInverseTransition.m in Sources */ = {isa = PBXBuildFile; fileRef = B6308FD81FD43A4C00836F1A /* CYMagicMoveInverseTransition.m */; };
		B6308FDC1FD597F500836F1A /* UIViewController+CYAnimatedTransition.m in Sources */ = {isa = PBXBuildFile; fileRef = B6308FDB1FD597F500836F1A /* UIViewController+CYAnimatedTransition.m */; };
		B6308FE01FD599B000836F1A /* UIViewController+CYAnimatedTransition.h in Sources */ = {isa = PBXBuildFile; fileRef = B6308FDA1FD597F500836F1A /* UIViewController+CYAnimatedTransition.h */; };
		B63FADC21FE6E58E00C04C6A /* ThirdViewController.m in Sources */ = {isa = PBXBuildFile; fileRef = B63FADC11FE6E58E00C04C6A /* ThirdViewController.m */; };
		B69278121FC2C157005E9126 /* AppDelegate.m in Sources */ = {isa = PBXBuildFile; fileRef = B69278111FC2C157005E9126 /* AppDelegate.m */; };
		B69278151FC2C157005E9126 /* ListViewController.m in Sources */ = {isa = PBXBuildFile; fileRef = B69278141FC2C157005E9126 /* ListViewController.m */; };
		B69278181FC2C157005E9126 /* Main.storyboard in Resources */ = {isa = PBXBuildFile; fileRef = B69278161FC2C157005E9126 /* Main.storyboard */; };
		B692781A1FC2C157005E9126 /* Assets.xcassets in Resources */ = {isa = PBXBuildFile; fileRef = B69278191FC2C157005E9126 /* Assets.xcassets */; };
		B692781D1FC2C157005E9126 /* LaunchScreen.storyboard in Resources */ = {isa = PBXBuildFile; fileRef = B692781B1FC2C157005E9126 /* LaunchScreen.storyboard */; };
		B69278201FC2C157005E9126 /* main.m in Sources */ = {isa = PBXBuildFile; fileRef = B692781F1FC2C157005E9126 /* main.m */; };
		B692782A1FC2C157005E9126 /* CYNavigaitonControllerDemoTests.m in Sources */ = {isa = PBXBuildFile; fileRef = B69278291FC2C157005E9126 /* CYNavigaitonControllerDemoTests.m */; };
		B69278351FC2C157005E9126 /* CYNavigaitonControllerDemoUITests.m in Sources */ = {isa = PBXBuildFile; fileRef = B69278341FC2C157005E9126 /* CYNavigaitonControllerDemoUITests.m */; };
		B69278451FC2C2CF005E9126 /* CYNavigationController.m in Sources */ = {isa = PBXBuildFile; fileRef = B69278441FC2C2CF005E9126 /* CYNavigationController.m */; };
		B69278481FC2C35E005E9126 /* CYBaseAnimatedTransition.m in Sources */ = {isa = PBXBuildFile; fileRef = B69278471FC2C35E005E9126 /* CYBaseAnimatedTransition.m */; };
		B692784C1FC2C519005E9126 /* DetailViewController.m in Sources */ = {isa = PBXBuildFile; fileRef = B692784B1FC2C519005E9126 /* DetailViewController.m */; };
		B692784F1FC2E82D005E9126 /* CYMagicMoveTransition.m in Sources */ = {isa = PBXBuildFile; fileRef = B692784E1FC2E82D005E9126 /* CYMagicMoveTransition.m */; };
		B69B5C831FE6A9B200C0CABC /* CYForwardTransition.m in Sources */ = {isa = PBXBuildFile; fileRef = B69B5C821FE6A9B200C0CABC /* CYForwardTransition.m */; };
		B69B5C861FE6A9BE00C0CABC /* CYInverseTransition.m in Sources */ = {isa = PBXBuildFile; fileRef = B69B5C851FE6A9BE00C0CABC /* CYInverseTransition.m */; };
		B69DD0071FE7B7880000BAA3 /* aViewController.m in Sources */ = {isa = PBXBuildFile; fileRef = B69DD0061FE7B7880000BAA3 /* aViewController.m */; };
/* End PBXBuildFile section */

/* Begin PBXContainerItemProxy section */
		B69278261FC2C157005E9126 /* PBXContainerItemProxy */ = {
			isa = PBXContainerItemProxy;
			containerPortal = B69278051FC2C156005E9126 /* Project object */;
			proxyType = 1;
			remoteGlobalIDString = B692780C1FC2C157005E9126;
			remoteInfo = CYNavigaitonControllerDemo;
		};
		B69278311FC2C157005E9126 /* PBXContainerItemProxy */ = {
			isa = PBXContainerItemProxy;
			containerPortal = B69278051FC2C156005E9126 /* Project object */;
			proxyType = 1;
			remoteGlobalIDString = B692780C1FC2C157005E9126;
			remoteInfo = CYNavigaitonControllerDemo;
		};
/* End PBXContainerItemProxy section */

/* Begin PBXFileReference section */
		B6308FD71FD43A4C00836F1A /* CYMagicMoveInverseTransition.h */ = {isa = PBXFileReference; lastKnownFileType = sourcecode.c.h; path = CYMagicMoveInverseTransition.h; sourceTree = "<group>"; };
		B6308FD81FD43A4C00836F1A /* CYMagicMoveInverseTransition.m */ = {isa = PBXFileReference; lastKnownFileType = sourcecode.c.objc; path = CYMagicMoveInverseTransition.m; sourceTree = "<group>"; };
		B6308FDA1FD597F500836F1A /* UIViewController+CYAnimatedTransition.h */ = {isa = PBXFileReference; lastKnownFileType = sourcecode.c.h; path = "UIViewController+CYAnimatedTransition.h"; sourceTree = "<group>"; };
		B6308FDB1FD597F500836F1A /* UIViewController+CYAnimatedTransition.m */ = {isa = PBXFileReference; lastKnownFileType = sourcecode.c.objc; path = "UIViewController+CYAnimatedTransition.m"; sourceTree = "<group>"; };
		B63FADC01FE6E58E00C04C6A /* ThirdViewController.h */ = {isa = PBXFileReference; lastKnownFileType = sourcecode.c.h; path = ThirdViewController.h; sourceTree = "<group>"; };
		B63FADC11FE6E58E00C04C6A /* ThirdViewController.m */ = {isa = PBXFileReference; lastKnownFileType = sourcecode.c.objc; path = ThirdViewController.m; sourceTree = "<group>"; };
		B692780D1FC2C157005E9126 /* CYNavigaitonControllerDemo.app */ = {isa = PBXFileReference; explicitFileType = wrapper.application; includeInIndex = 0; path = CYNavigaitonControllerDemo.app; sourceTree = BUILT_PRODUCTS_DIR; };
		B69278101FC2C157005E9126 /* AppDelegate.h */ = {isa = PBXFileReference; lastKnownFileType = sourcecode.c.h; path = AppDelegate.h; sourceTree = "<group>"; };
		B69278111FC2C157005E9126 /* AppDelegate.m */ = {isa = PBXFileReference; lastKnownFileType = sourcecode.c.objc; path = AppDelegate.m; sourceTree = "<group>"; };
		B69278131FC2C157005E9126 /* ListViewController.h */ = {isa = PBXFileReference; lastKnownFileType = sourcecode.c.h; path = ListViewController.h; sourceTree = "<group>"; };
		B69278141FC2C157005E9126 /* ListViewController.m */ = {isa = PBXFileReference; lastKnownFileType = sourcecode.c.objc; path = ListViewController.m; sourceTree = "<group>"; };
		B69278171FC2C157005E9126 /* Base */ = {isa = PBXFileReference; lastKnownFileType = file.storyboard; name = Base; path = Base.lproj/Main.storyboard; sourceTree = "<group>"; };
		B69278191FC2C157005E9126 /* Assets.xcassets */ = {isa = PBXFileReference; lastKnownFileType = folder.assetcatalog; path = Assets.xcassets; sourceTree = "<group>"; };
		B692781C1FC2C157005E9126 /* Base */ = {isa = PBXFileReference; lastKnownFileType = file.storyboard; name = Base; path = Base.lproj/LaunchScreen.storyboard; sourceTree = "<group>"; };
		B692781E1FC2C157005E9126 /* Info.plist */ = {isa = PBXFileReference; lastKnownFileType = text.plist.xml; path = Info.plist; sourceTree = "<group>"; };
		B692781F1FC2C157005E9126 /* main.m */ = {isa = PBXFileReference; lastKnownFileType = sourcecode.c.objc; path = main.m; sourceTree = "<group>"; };
		B69278251FC2C157005E9126 /* CYNavigaitonControllerDemoTests.xctest */ = {isa = PBXFileReference; explicitFileType = wrapper.cfbundle; includeInIndex = 0; path = CYNavigaitonControllerDemoTests.xctest; sourceTree = BUILT_PRODUCTS_DIR; };
		B69278291FC2C157005E9126 /* CYNavigaitonControllerDemoTests.m */ = {isa = PBXFileReference; lastKnownFileType = sourcecode.c.objc; path = CYNavigaitonControllerDemoTests.m; sourceTree = "<group>"; };
		B692782B1FC2C157005E9126 /* Info.plist */ = {isa = PBXFileReference; lastKnownFileType = text.plist.xml; path = Info.plist; sourceTree = "<group>"; };
		B69278301FC2C157005E9126 /* CYNavigaitonControllerDemoUITests.xctest */ = {isa = PBXFileReference; explicitFileType = wrapper.cfbundle; includeInIndex = 0; path = CYNavigaitonControllerDemoUITests.xctest; sourceTree = BUILT_PRODUCTS_DIR; };
		B69278341FC2C157005E9126 /* CYNavigaitonControllerDemoUITests.m */ = {isa = PBXFileReference; lastKnownFileType = sourcecode.c.objc; path = CYNavigaitonControllerDemoUITests.m; sourceTree = "<group>"; };
		B69278361FC2C157005E9126 /* Info.plist */ = {isa = PBXFileReference; lastKnownFileType = text.plist.xml; path = Info.plist; sourceTree = "<group>"; };
		B69278431FC2C2CF005E9126 /* CYNavigationController.h */ = {isa = PBXFileReference; lastKnownFileType = sourcecode.c.h; path = CYNavigationController.h; sourceTree = "<group>"; };
		B69278441FC2C2CF005E9126 /* CYNavigationController.m */ = {isa = PBXFileReference; lastKnownFileType = sourcecode.c.objc; path = CYNavigationController.m; sourceTree = "<group>"; };
		B69278461FC2C35E005E9126 /* CYBaseAnimatedTransition.h */ = {isa = PBXFileReference; lastKnownFileType = sourcecode.c.h; path = CYBaseAnimatedTransition.h; sourceTree = "<group>"; };
		B69278471FC2C35E005E9126 /* CYBaseAnimatedTransition.m */ = {isa = PBXFileReference; lastKnownFileType = sourcecode.c.objc; path = CYBaseAnimatedTransition.m; sourceTree = "<group>"; };
		B692784A1FC2C519005E9126 /* DetailViewController.h */ = {isa = PBXFileReference; lastKnownFileType = sourcecode.c.h; path = DetailViewController.h; sourceTree = "<group>"; };
		B692784B1FC2C519005E9126 /* DetailViewController.m */ = {isa = PBXFileReference; lastKnownFileType = sourcecode.c.objc; path = DetailViewController.m; sourceTree = "<group>"; };
		B692784D1FC2E82D005E9126 /* CYMagicMoveTransition.h */ = {isa = PBXFileReference; lastKnownFileType = sourcecode.c.h; path = CYMagicMoveTransition.h; sourceTree = "<group>"; };
		B692784E1FC2E82D005E9126 /* CYMagicMoveTransition.m */ = {isa = PBXFileReference; lastKnownFileType = sourcecode.c.objc; path = CYMagicMoveTransition.m; sourceTree = "<group>"; };
		B69B5C801FE6A99D00C0CABC /* CYAnimatedTransition.h */ = {isa = PBXFileReference; lastKnownFileType = sourcecode.c.h; path = CYAnimatedTransition.h; sourceTree = "<group>"; };
		B69B5C811FE6A9B200C0CABC /* CYForwardTransition.h */ = {isa = PBXFileReference; lastKnownFileType = sourcecode.c.h; path = CYForwardTransition.h; sourceTree = "<group>"; };
		B69B5C821FE6A9B200C0CABC /* CYForwardTransition.m */ = {isa = PBXFileReference; lastKnownFileType = sourcecode.c.objc; path = CYForwardTransition.m; sourceTree = "<group>"; };
		B69B5C841FE6A9BE00C0CABC /* CYInverseTransition.h */ = {isa = PBXFileReference; lastKnownFileType = sourcecode.c.h; path = CYInverseTransition.h; sourceTree = "<group>"; };
		B69B5C851FE6A9BE00C0CABC /* CYInverseTransition.m */ = {isa = PBXFileReference; lastKnownFileType = sourcecode.c.objc; path = CYInverseTransition.m; sourceTree = "<group>"; };
		B69DD0051FE7B7880000BAA3 /* aViewController.h */ = {isa = PBXFileReference; fileEncoding = 4; lastKnownFileType = sourcecode.c.h; path = aViewController.h; sourceTree = "<group>"; };
		B69DD0061FE7B7880000BAA3 /* aViewController.m */ = {isa = PBXFileReference; fileEncoding = 4; lastKnownFileType = sourcecode.c.objc; path = aViewController.m; sourceTree = "<group>"; };
/* End PBXFileReference section */

/* Begin PBXFrameworksBuildPhase section */
		B692780A1FC2C157005E9126 /* Frameworks */ = {
			isa = PBXFrameworksBuildPhase;
			buildActionMask = 2147483647;
			files = (
			);
			runOnlyForDeploymentPostprocessing = 0;
		};
		B69278221FC2C157005E9126 /* Frameworks */ = {
			isa = PBXFrameworksBuildPhase;
			buildActionMask = 2147483647;
			files = (
			);
			runOnlyForDeploymentPostprocessing = 0;
		};
		B692782D1FC2C157005E9126 /* Frameworks */ = {
			isa = PBXFrameworksBuildPhase;
			buildActionMask = 2147483647;
			files = (
			);
			runOnlyForDeploymentPostprocessing = 0;
		};
/* End PBXFrameworksBuildPhase section */

/* Begin PBXGroup section */
		B69278041FC2C156005E9126 = {
			isa = PBXGroup;
			children = (
				B692780F1FC2C157005E9126 /* CYNavigaitonControllerDemo */,
				B69278281FC2C157005E9126 /* CYNavigaitonControllerDemoTests */,
				B69278331FC2C157005E9126 /* CYNavigaitonControllerDemoUITests */,
				B692780E1FC2C157005E9126 /* Products */,
			);
			sourceTree = "<group>";
		};
		B692780E1FC2C157005E9126 /* Products */ = {
			isa = PBXGroup;
			children = (
				B692780D1FC2C157005E9126 /* CYNavigaitonControllerDemo.app */,
				B69278251FC2C157005E9126 /* CYNavigaitonControllerDemoTests.xctest */,
				B69278301FC2C157005E9126 /* CYNavigaitonControllerDemoUITests.xctest */,
			);
			name = Products;
			sourceTree = "<group>";
		};
		B692780F1FC2C157005E9126 /* CYNavigaitonControllerDemo */ = {
			isa = PBXGroup;
			children = (
				B69278421FC2C28D005E9126 /* CYNavigationController */,
				B69278101FC2C157005E9126 /* AppDelegate.h */,
				B69278111FC2C157005E9126 /* AppDelegate.m */,
				B69278131FC2C157005E9126 /* ListViewController.h */,
				B69278141FC2C157005E9126 /* ListViewController.m */,
				B692784A1FC2C519005E9126 /* DetailViewController.h */,
				B692784B1FC2C519005E9126 /* DetailViewController.m */,
				B63FADC01FE6E58E00C04C6A /* ThirdViewController.h */,
				B63FADC11FE6E58E00C04C6A /* ThirdViewController.m */,
				B69DD0051FE7B7880000BAA3 /* aViewController.h */,
				B69DD0061FE7B7880000BAA3 /* aViewController.m */,
				B69278161FC2C157005E9126 /* Main.storyboard */,
				B69278191FC2C157005E9126 /* Assets.xcassets */,
				B692781B1FC2C157005E9126 /* LaunchScreen.storyboard */,
				B692781E1FC2C157005E9126 /* Info.plist */,
				B692781F1FC2C157005E9126 /* main.m */,
			);
			path = CYNavigaitonControllerDemo;
			sourceTree = "<group>";
		};
		B69278281FC2C157005E9126 /* CYNavigaitonControllerDemoTests */ = {
			isa = PBXGroup;
			children = (
				B69278291FC2C157005E9126 /* CYNavigaitonControllerDemoTests.m */,
				B692782B1FC2C157005E9126 /* Info.plist */,
			);
			path = CYNavigaitonControllerDemoTests;
			sourceTree = "<group>";
		};
		B69278331FC2C157005E9126 /* CYNavigaitonControllerDemoUITests */ = {
			isa = PBXGroup;
			children = (
				B69278341FC2C157005E9126 /* CYNavigaitonControllerDemoUITests.m */,
				B69278361FC2C157005E9126 /* Info.plist */,
			);
			path = CYNavigaitonControllerDemoUITests;
			sourceTree = "<group>";
		};
		B69278421FC2C28D005E9126 /* CYNavigationController */ = {
			isa = PBXGroup;
			children = (
				B69278431FC2C2CF005E9126 /* CYNavigationController.h */,
				B69278441FC2C2CF005E9126 /* CYNavigationController.m */,
				B69278501FC2F1D0005E9126 /* Core */,
			);
			path = CYNavigationController;
			sourceTree = "<group>";
		};
		B69278491FC2C361005E9126 /* CYAnimatedTransition */ = {
			isa = PBXGroup;
			children = (
				B69DD0041FE7B5E60000BAA3 /* Core */,
				B69B5C801FE6A99D00C0CABC /* CYAnimatedTransition.h */,
				B692784D1FC2E82D005E9126 /* CYMagicMoveTransition.h */,
				B692784E1FC2E82D005E9126 /* CYMagicMoveTransition.m */,
				B6308FD71FD43A4C00836F1A /* CYMagicMoveInverseTransition.h */,
				B6308FD81FD43A4C00836F1A /* CYMagicMoveInverseTransition.m */,
			);
			path = CYAnimatedTransition;
			sourceTree = "<group>";
		};
		B69278501FC2F1D0005E9126 /* Core */ = {
			isa = PBXGroup;
			children = (
				B69278491FC2C361005E9126 /* CYAnimatedTransition */,
			);
			path = Core;
			sourceTree = "<group>";
		};
		B69DD0041FE7B5E60000BAA3 /* Core */ = {
			isa = PBXGroup;
			children = (
				B69278461FC2C35E005E9126 /* CYBaseAnimatedTransition.h */,
				B69278471FC2C35E005E9126 /* CYBaseAnimatedTransition.m */,
				B69B5C811FE6A9B200C0CABC /* CYForwardTransition.h */,
				B69B5C821FE6A9B200C0CABC /* CYForwardTransition.m */,
				B69B5C841FE6A9BE00C0CABC /* CYInverseTransition.h */,
				B69B5C851FE6A9BE00C0CABC /* CYInverseTransition.m */,
				B6308FDA1FD597F500836F1A /* UIViewController+CYAnimatedTransition.h */,
				B6308FDB1FD597F500836F1A /* UIViewController+CYAnimatedTransition.m */,
			);
			path = Core;
			sourceTree = "<group>";
		};
/* End PBXGroup section */

/* Begin PBXNativeTarget section */
		B692780C1FC2C157005E9126 /* CYNavigaitonControllerDemo */ = {
			isa = PBXNativeTarget;
			buildConfigurationList = B69278391FC2C157005E9126 /* Build configuration list for PBXNativeTarget "CYNavigaitonControllerDemo" */;
			buildPhases = (
				B69278091FC2C157005E9126 /* Sources */,
				B692780A1FC2C157005E9126 /* Frameworks */,
				B692780B1FC2C157005E9126 /* Resources */,
			);
			buildRules = (
			);
			dependencies = (
			);
			name = CYNavigaitonControllerDemo;
			productName = CYNavigaitonControllerDemo;
			productReference = B692780D1FC2C157005E9126 /* CYNavigaitonControllerDemo.app */;
			productType = "com.apple.product-type.application";
		};
		B69278241FC2C157005E9126 /* CYNavigaitonControllerDemoTests */ = {
			isa = PBXNativeTarget;
			buildConfigurationList = B692783C1FC2C157005E9126 /* Build configuration list for PBXNativeTarget "CYNavigaitonControllerDemoTests" */;
			buildPhases = (
				B69278211FC2C157005E9126 /* Sources */,
				B69278221FC2C157005E9126 /* Frameworks */,
				B69278231FC2C157005E9126 /* Resources */,
			);
			buildRules = (
			);
			dependencies = (
				B69278271FC2C157005E9126 /* PBXTargetDependency */,
			);
			name = CYNavigaitonControllerDemoTests;
			productName = CYNavigaitonControllerDemoTests;
			productReference = B69278251FC2C157005E9126 /* CYNavigaitonControllerDemoTests.xctest */;
			productType = "com.apple.product-type.bundle.unit-test";
		};
		B692782F1FC2C157005E9126 /* CYNavigaitonControllerDemoUITests */ = {
			isa = PBXNativeTarget;
			buildConfigurationList = B692783F1FC2C157005E9126 /* Build configuration list for PBXNativeTarget "CYNavigaitonControllerDemoUITests" */;
			buildPhases = (
				B692782C1FC2C157005E9126 /* Sources */,
				B692782D1FC2C157005E9126 /* Frameworks */,
				B692782E1FC2C157005E9126 /* Resources */,
			);
			buildRules = (
			);
			dependencies = (
				B69278321FC2C157005E9126 /* PBXTargetDependency */,
			);
			name = CYNavigaitonControllerDemoUITests;
			productName = CYNavigaitonControllerDemoUITests;
			productReference = B69278301FC2C157005E9126 /* CYNavigaitonControllerDemoUITests.xctest */;
			productType = "com.apple.product-type.bundle.ui-testing";
		};
/* End PBXNativeTarget section */

/* Begin PBXProject section */
		B69278051FC2C156005E9126 /* Project object */ = {
			isa = PBXProject;
			attributes = {
				LastUpgradeCheck = 0910;
				ORGANIZATIONNAME = DeepAI;
				TargetAttributes = {
					B692780C1FC2C157005E9126 = {
						CreatedOnToolsVersion = 9.1;
						ProvisioningStyle = Automatic;
					};
					B69278241FC2C157005E9126 = {
						CreatedOnToolsVersion = 9.1;
						ProvisioningStyle = Automatic;
						TestTargetID = B692780C1FC2C157005E9126;
					};
					B692782F1FC2C157005E9126 = {
						CreatedOnToolsVersion = 9.1;
						ProvisioningStyle = Automatic;
						TestTargetID = B692780C1FC2C157005E9126;
					};
				};
			};
			buildConfigurationList = B69278081FC2C156005E9126 /* Build configuration list for PBXProject "CYNavigaitonControllerDemo" */;
			compatibilityVersion = "Xcode 8.0";
			developmentRegion = en;
			hasScannedForEncodings = 0;
			knownRegions = (
				en,
				Base,
			);
			mainGroup = B69278041FC2C156005E9126;
			productRefGroup = B692780E1FC2C157005E9126 /* Products */;
			projectDirPath = "";
			projectRoot = "";
			targets = (
				B692780C1FC2C157005E9126 /* CYNavigaitonControllerDemo */,
				B69278241FC2C157005E9126 /* CYNavigaitonControllerDemoTests */,
				B692782F1FC2C157005E9126 /* CYNavigaitonControllerDemoUITests */,
			);
		};
/* End PBXProject section */

/* Begin PBXResourcesBuildPhase section */
		B692780B1FC2C157005E9126 /* Resources */ = {
			isa = PBXResourcesBuildPhase;
			buildActionMask = 2147483647;
			files = (
				B692781D1FC2C157005E9126 /* LaunchScreen.storyboard in Resources */,
				B692781A1FC2C157005E9126 /* Assets.xcassets in Resources */,
				B69278181FC2C157005E9126 /* Main.storyboard in Resources */,
			);
			runOnlyForDeploymentPostprocessing = 0;
		};
		B69278231FC2C157005E9126 /* Resources */ = {
			isa = PBXResourcesBuildPhase;
			buildActionMask = 2147483647;
			files = (
			);
			runOnlyForDeploymentPostprocessing = 0;
		};
		B692782E1FC2C157005E9126 /* Resources */ = {
			isa = PBXResourcesBuildPhase;
			buildActionMask = 2147483647;
			files = (
			);
			runOnlyForDeploymentPostprocessing = 0;
		};
/* End PBXResourcesBuildPhase section */

/* Begin PBXSourcesBuildPhase section */
		B69278091FC2C157005E9126 /* Sources */ = {
			isa = PBXSourcesBuildPhase;
			buildActionMask = 2147483647;
			files = (
				B69B5C831FE6A9B200C0CABC /* CYForwardTransition.m in Sources */,
				B6308FE01FD599B000836F1A /* UIViewController+CYAnimatedTransition.h in Sources */,
				B69278151FC2C157005E9126 /* ListViewController.m in Sources */,
				B69278481FC2C35E005E9126 /* CYBaseAnimatedTransition.m in Sources */,
				B69B5C861FE6A9BE00C0CABC /* CYInverseTransition.m in Sources */,
				B63FADC21FE6E58E00C04C6A /* ThirdViewController.m in Sources */,
				B69278201FC2C157005E9126 /* main.m in Sources */,
				B692784F1FC2E82D005E9126 /* CYMagicMoveTransition.m in Sources */,
				B6308FD91FD43A4C00836F1A /* CYMagicMoveInverseTransition.m in Sources */,
				B69278121FC2C157005E9126 /* AppDelegate.m in Sources */,
				B69DD0071FE7B7880000BAA3 /* aViewController.m in Sources */,
				B69278451FC2C2CF005E9126 /* CYNavigationController.m in Sources */,
				B6308FDC1FD597F500836F1A /* UIViewController+CYAnimatedTransition.m in Sources */,
				B692784C1FC2C519005E9126 /* DetailViewController.m in Sources */,
			);
			runOnlyForDeploymentPostprocessing = 0;
		};
		B69278211FC2C157005E9126 /* Sources */ = {
			isa = PBXSourcesBuildPhase;
			buildActionMask = 2147483647;
			files = (
				B692782A1FC2C157005E9126 /* CYNavigaitonControllerDemoTests.m in Sources */,
			);
			runOnlyForDeploymentPostprocessing = 0;
		};
		B692782C1FC2C157005E9126 /* Sources */ = {
			isa = PBXSourcesBuildPhase;
			buildActionMask = 2147483647;
			files = (
				B69278351FC2C157005E9126 /* CYNavigaitonControllerDemoUITests.m in Sources */,
			);
			runOnlyForDeploymentPostprocessing = 0;
		};
/* End PBXSourcesBuildPhase section */

/* Begin PBXTargetDependency section */
		B69278271FC2C157005E9126 /* PBXTargetDependency */ = {
			isa = PBXTargetDependency;
			target = B692780C1FC2C157005E9126 /* CYNavigaitonControllerDemo */;
			targetProxy = B69278261FC2C157005E9126 /* PBXContainerItemProxy */;
		};
		B69278321FC2C157005E9126 /* PBXTargetDependency */ = {
			isa = PBXTargetDependency;
			target = B692780C1FC2C157005E9126 /* CYNavigaitonControllerDemo */;
			targetProxy = B69278311FC2C157005E9126 /* PBXContainerItemProxy */;
		};
/* End PBXTargetDependency section */

/* Begin PBXVariantGroup section */
		B69278161FC2C157005E9126 /* Main.storyboard */ = {
			isa = PBXVariantGroup;
			children = (
				B69278171FC2C157005E9126 /* Base */,
			);
			name = Main.storyboard;
			sourceTree = "<group>";
		};
		B692781B1FC2C157005E9126 /* LaunchScreen.storyboard */ = {
			isa = PBXVariantGroup;
			children = (
				B692781C1FC2C157005E9126 /* Base */,
			);
			name = LaunchScreen.storyboard;
			sourceTree = "<group>";
		};
/* End PBXVariantGroup section */

/* Begin XCBuildConfiguration section */
		B69278371FC2C157005E9126 /* Debug */ = {
			isa = XCBuildConfiguration;
			buildSettings = {
				ALWAYS_SEARCH_USER_PATHS = NO;
				CLANG_ANALYZER_NONNULL = YES;
				CLANG_ANALYZER_NUMBER_OBJECT_CONVERSION = YES_AGGRESSIVE;
				CLANG_CXX_LANGUAGE_STANDARD = "gnu++14";
				CLANG_CXX_LIBRARY = "libc++";
				CLANG_ENABLE_MODULES = YES;
				CLANG_ENABLE_OBJC_ARC = YES;
				CLANG_WARN_BLOCK_CAPTURE_AUTORELEASING = YES;
				CLANG_WARN_BOOL_CONVERSION = YES;
				CLANG_WARN_COMMA = YES;
				CLANG_WARN_CONSTANT_CONVERSION = YES;
				CLANG_WARN_DIRECT_OBJC_ISA_USAGE = YES_ERROR;
				CLANG_WARN_DOCUMENTATION_COMMENTS = YES;
				CLANG_WARN_EMPTY_BODY = YES;
				CLANG_WARN_ENUM_CONVERSION = YES;
				CLANG_WARN_INFINITE_RECURSION = YES;
				CLANG_WARN_INT_CONVERSION = YES;
				CLANG_WARN_NON_LITERAL_NULL_CONVERSION = YES;
				CLANG_WARN_OBJC_LITERAL_CONVERSION = YES;
				CLANG_WARN_OBJC_ROOT_CLASS = YES_ERROR;
				CLANG_WARN_RANGE_LOOP_ANALYSIS = YES;
				CLANG_WARN_STRICT_PROTOTYPES = YES;
				CLANG_WARN_SUSPICIOUS_MOVE = YES;
				CLANG_WARN_UNGUARDED_AVAILABILITY = YES_AGGRESSIVE;
				CLANG_WARN_UNREACHABLE_CODE = YES;
				CLANG_WARN__DUPLICATE_METHOD_MATCH = YES;
				CODE_SIGN_IDENTITY = "iPhone Developer";
				COPY_PHASE_STRIP = NO;
				DEBUG_INFORMATION_FORMAT = dwarf;
				ENABLE_STRICT_OBJC_MSGSEND = YES;
				ENABLE_TESTABILITY = YES;
				GCC_C_LANGUAGE_STANDARD = gnu11;
				GCC_DYNAMIC_NO_PIC = NO;
				GCC_NO_COMMON_BLOCKS = YES;
				GCC_OPTIMIZATION_LEVEL = 0;
				GCC_PREPROCESSOR_DEFINITIONS = (
					"DEBUG=1",
					"$(inherited)",
				);
				GCC_WARN_64_TO_32_BIT_CONVERSION = YES;
				GCC_WARN_ABOUT_RETURN_TYPE = YES_ERROR;
				GCC_WARN_UNDECLARED_SELECTOR = YES;
				GCC_WARN_UNINITIALIZED_AUTOS = YES_AGGRESSIVE;
				GCC_WARN_UNUSED_FUNCTION = YES;
				GCC_WARN_UNUSED_VARIABLE = YES;
				IPHONEOS_DEPLOYMENT_TARGET = 11.1;
				MTL_ENABLE_DEBUG_INFO = YES;
				ONLY_ACTIVE_ARCH = YES;
				SDKROOT = iphoneos;
			};
			name = Debug;
		};
		B69278381FC2C157005E9126 /* Release */ = {
			isa = XCBuildConfiguration;
			buildSettings = {
				ALWAYS_SEARCH_USER_PATHS = NO;
				CLANG_ANALYZER_NONNULL = YES;
				CLANG_ANALYZER_NUMBER_OBJECT_CONVERSION = YES_AGGRESSIVE;
				CLANG_CXX_LANGUAGE_STANDARD = "gnu++14";
				CLANG_CXX_LIBRARY = "libc++";
				CLANG_ENABLE_MODULES = YES;
				CLANG_ENABLE_OBJC_ARC = YES;
				CLANG_WARN_BLOCK_CAPTURE_AUTORELEASING = YES;
				CLANG_WARN_BOOL_CONVERSION = YES;
				CLANG_WARN_COMMA = YES;
				CLANG_WARN_CONSTANT_CONVERSION = YES;
				CLANG_WARN_DIRECT_OBJC_ISA_USAGE = YES_ERROR;
				CLANG_WARN_DOCUMENTATION_COMMENTS = YES;
				CLANG_WARN_EMPTY_BODY = YES;
				CLANG_WARN_ENUM_CONVERSION = YES;
				CLANG_WARN_INFINITE_RECURSION = YES;
				CLANG_WARN_INT_CONVERSION = YES;
				CLANG_WARN_NON_LITERAL_NULL_CONVERSION = YES;
				CLANG_WARN_OBJC_LITERAL_CONVERSION = YES;
				CLANG_WARN_OBJC_ROOT_CLASS = YES_ERROR;
				CLANG_WARN_RANGE_LOOP_ANALYSIS = YES;
				CLANG_WARN_STRICT_PROTOTYPES = YES;
				CLANG_WARN_SUSPICIOUS_MOVE = YES;
				CLANG_WARN_UNGUARDED_AVAILABILITY = YES_AGGRESSIVE;
				CLANG_WARN_UNREACHABLE_CODE = YES;
				CLANG_WARN__DUPLICATE_METHOD_MATCH = YES;
				CODE_SIGN_IDENTITY = "iPhone Developer";
				COPY_PHASE_STRIP = NO;
				DEBUG_INFORMATION_FORMAT = "dwarf-with-dsym";
				ENABLE_NS_ASSERTIONS = NO;
				ENABLE_STRICT_OBJC_MSGSEND = YES;
				GCC_C_LANGUAGE_STANDARD = gnu11;
				GCC_NO_COMMON_BLOCKS = YES;
				GCC_WARN_64_TO_32_BIT_CONVERSION = YES;
				GCC_WARN_ABOUT_RETURN_TYPE = YES_ERROR;
				GCC_WARN_UNDECLARED_SELECTOR = YES;
				GCC_WARN_UNINITIALIZED_AUTOS = YES_AGGRESSIVE;
				GCC_WARN_UNUSED_FUNCTION = YES;
				GCC_WARN_UNUSED_VARIABLE = YES;
				IPHONEOS_DEPLOYMENT_TARGET = 11.1;
				MTL_ENABLE_DEBUG_INFO = NO;
				SDKROOT = iphoneos;
				VALIDATE_PRODUCT = YES;
			};
			name = Release;
		};
		B692783A1FC2C157005E9126 /* Debug */ = {
			isa = XCBuildConfiguration;
			buildSettings = {
				ASSETCATALOG_COMPILER_APPICON_NAME = AppIcon;
				CODE_SIGN_STYLE = Automatic;
				DEVELOPMENT_TEAM = 3XXXELMSMU;
				INFOPLIST_FILE = CYNavigaitonControllerDemo/Info.plist;
				IPHONEOS_DEPLOYMENT_TARGET = 8.0;
				LD_RUNPATH_SEARCH_PATHS = "$(inherited) @executable_path/Frameworks";
				PRODUCT_BUNDLE_IDENTIFIER = Deepai.CYNavigaitonControllerDemo;
				PRODUCT_NAME = "$(TARGET_NAME)";
				TARGETED_DEVICE_FAMILY = 1;
			};
			name = Debug;
		};
		B692783B1FC2C157005E9126 /* Release */ = {
			isa = XCBuildConfiguration;
			buildSettings = {
				ASSETCATALOG_COMPILER_APPICON_NAME = AppIcon;
				CODE_SIGN_STYLE = Automatic;
				DEVELOPMENT_TEAM = 3XXXELMSMU;
				INFOPLIST_FILE = CYNavigaitonControllerDemo/Info.plist;
				IPHONEOS_DEPLOYMENT_TARGET = 8.0;
				LD_RUNPATH_SEARCH_PATHS = "$(inherited) @executable_path/Frameworks";
				PRODUCT_BUNDLE_IDENTIFIER = Deepai.CYNavigaitonControllerDemo;
				PRODUCT_NAME = "$(TARGET_NAME)";
				TARGETED_DEVICE_FAMILY = 1;
			};
			name = Release;
		};
		B692783D1FC2C157005E9126 /* Debug */ = {
			isa = XCBuildConfiguration;
			buildSettings = {
				BUNDLE_LOADER = "$(TEST_HOST)";
				CODE_SIGN_STYLE = Automatic;
				DEVELOPMENT_TEAM = U757H3R4AB;
				INFOPLIST_FILE = CYNavigaitonControllerDemoTests/Info.plist;
				LD_RUNPATH_SEARCH_PATHS = "$(inherited) @executable_path/Frameworks @loader_path/Frameworks";
				PRODUCT_BUNDLE_IDENTIFIER = Deepai.CYNavigaitonControllerDemoTests;
				PRODUCT_NAME = "$(TARGET_NAME)";
				TARGETED_DEVICE_FAMILY = "1,2";
				TEST_HOST = "$(BUILT_PRODUCTS_DIR)/CYNavigaitonControllerDemo.app/CYNavigaitonControllerDemo";
			};
			name = Debug;
		};
		B692783E1FC2C157005E9126 /* Release */ = {
			isa = XCBuildConfiguration;
			buildSettings = {
				BUNDLE_LOADER = "$(TEST_HOST)";
				CODE_SIGN_STYLE = Automatic;
				DEVELOPMENT_TEAM = U757H3R4AB;
				INFOPLIST_FILE = CYNavigaitonControllerDemoTests/Info.plist;
				LD_RUNPATH_SEARCH_PATHS = "$(inherited) @executable_path/Frameworks @loader_path/Frameworks";
				PRODUCT_BUNDLE_IDENTIFIER = Deepai.CYNavigaitonControllerDemoTests;
				PRODUCT_NAME = "$(TARGET_NAME)";
				TARGETED_DEVICE_FAMILY = "1,2";
				TEST_HOST = "$(BUILT_PRODUCTS_DIR)/CYNavigaitonControllerDemo.app/CYNavigaitonControllerDemo";
			};
			name = Release;
		};
		B69278401FC2C157005E9126 /* Debug */ = {
			isa = XCBuildConfiguration;
			buildSettings = {
				CODE_SIGN_STYLE = Automatic;
				DEVELOPMENT_TEAM = U757H3R4AB;
				INFOPLIST_FILE = CYNavigaitonControllerDemoUITests/Info.plist;
				LD_RUNPATH_SEARCH_PATHS = "$(inherited) @executable_path/Frameworks @loader_path/Frameworks";
				PRODUCT_BUNDLE_IDENTIFIER = Deepai.CYNavigaitonControllerDemoUITests;
				PRODUCT_NAME = "$(TARGET_NAME)";
				TARGETED_DEVICE_FAMILY = "1,2";
				TEST_TARGET_NAME = CYNavigaitonControllerDemo;
			};
			name = Debug;
		};
		B69278411FC2C157005E9126 /* Release */ = {
			isa = XCBuildConfiguration;
			buildSettings = {
				CODE_SIGN_STYLE = Automatic;
				DEVELOPMENT_TEAM = U757H3R4AB;
				INFOPLIST_FILE = CYNavigaitonControllerDemoUITests/Info.plist;
				LD_RUNPATH_SEARCH_PATHS = "$(inherited) @executable_path/Frameworks @loader_path/Frameworks";
				PRODUCT_BUNDLE_IDENTIFIER = Deepai.CYNavigaitonControllerDemoUITests;
				PRODUCT_NAME = "$(TARGET_NAME)";
				TARGETED_DEVICE_FAMILY = "1,2";
				TEST_TARGET_NAME = CYNavigaitonControllerDemo;
			};
			name = Release;
		};
/* End XCBuildConfiguration section */

/* Begin XCConfigurationList section */
		B69278081FC2C156005E9126 /* Build configuration list for PBXProject "CYNavigaitonControllerDemo" */ = {
			isa = XCConfigurationList;
			buildConfigurations = (
				B69278371FC2C157005E9126 /* Debug */,
				B69278381FC2C157005E9126 /* Release */,
			);
			defaultConfigurationIsVisible = 0;
			defaultConfigurationName = Release;
		};
		B69278391FC2C157005E9126 /* Build configuration list for PBXNativeTarget "CYNavigaitonControllerDemo" */ = {
			isa = XCConfigurationList;
			buildConfigurations = (
				B692783A1FC2C157005E9126 /* Debug */,
				B692783B1FC2C157005E9126 /* Release */,
			);
			defaultConfigurationIsVisible = 0;
			defaultConfigurationName = Release;
		};
		B692783C1FC2C157005E9126 /* Build configuration list for PBXNativeTarget "CYNavigaitonControllerDemoTests" */ = {
			isa = XCConfigurationList;
			buildConfigurations = (
				B692783D1FC2C157005E9126 /* Debug */,
				B692783E1FC2C157005E9126 /* Release */,
			);
			defaultConfigurationIsVisible = 0;
			defaultConfigurationName = Release;
		};
		B692783F1FC2C157005E9126 /* Build configuration list for PBXNativeTarget "CYNavigaitonControllerDemoUITests" */ = {
			isa = XCConfigurationList;
			buildConfigurations = (
				B69278401FC2C157005E9126 /* Debug */,
				B69278411FC2C157005E9126 /* Release */,
			);
			defaultConfigurationIsVisible = 0;
			defaultConfigurationName = Release;
		};
/* End XCConfigurationList section */
	};
	rootObject = B69278051FC2C156005E9126 /* Project object */;
}
